
Microsoft Visual Studio Solution File, Format Version 12.00
# Visual Studio Version 17
VisualStudioVersion = 17.14.36623.8 d17.14
MinimumVisualStudioVersion = 10.0.40219.1
Project("{8BC9CEB8-8B4A-11D0-8D11-00A0C91BC942}") = "VMExit Hypervisor", "VMExit Hypervisor.vcxproj", "{7D5CC199-9EEF-D930-F359-019FE01C4C8B}"
EndProject
Global
	GlobalSection(SolutionConfigurationPlatforms) = preSolution
		Release|x64 = Release|x64
	EndGlobalSection
	GlobalSection(ProjectConfigurationPlatforms) = postSolution
		{7D5CC199-9EEF-D930-F359-019FE01C4C8B}.Release|x64.ActiveCfg = Release|x64
		{7D5CC199-9EEF-D930-F359-019FE01C4C8B}.Release|x64.Build.0 = Release|x64
		{7D5CC199-9EEF-D930-F359-019FE01C4C8B}.Release|x64.Deploy.0 = Release|x64
	EndGlobalSection
	GlobalSection(SolutionProperties) = preSolution
		HideSolutionNode = FALSE
	EndGlobalSection
	GlobalSection(ExtensibilityGlobals) = postSolution
		SolutionGuid = {EC863D3B-183C-4C25-A0D9-E5AB09186901}
	EndGlobalSection
EndGlobal
